
Microsoft Visual Studio Solution File, Format Version 12.00
# Visual Studio Version 17
VisualStudioVersion = 17.2.32526.322
MinimumVisualStudioVersion = 10.0.40219.1
Project("{FAE04EC0-301F-11D3-BF4B-00C04F79EFBC}") = "for par", "for par\for par.csproj", "{4EFE0EE3-950E-4103-8A79-88DD7DF2F77A}"
EndProject
Global
	GlobalSection(SolutionConfigurationPlatforms) = preSolution
		Debug|Any CPU = Debug|Any CPU
		Release|Any CPU = Release|Any CPU
	EndGlobalSection
	GlobalSection(ProjectConfigurationPlatforms) = postSolution
		{4EFE0EE3-950E-4103-8A79-88DD7DF2F77A}.Debug|Any CPU.ActiveCfg = Debug|Any CPU
		{4EFE0EE3-950E-4103-8A79-88DD7DF2F77A}.Debug|Any CPU.Build.0 = Debug|Any CPU
		{4EFE0EE3-950E-4103-8A79-88DD7DF2F77A}.Release|Any CPU.ActiveCfg = Release|Any CPU
		{4EFE0EE3-950E-4103-8A79-88DD7DF2F77A}.Release|Any CPU.Build.0 = Release|Any CPU
	EndGlobalSection
	GlobalSection(SolutionProperties) = preSolution
		HideSolutionNode = FALSE
	EndGlobalSection
	GlobalSection(ExtensibilityGlobals) = postSolution
		SolutionGuid = {3E158AAE-FDE6-4331-B442-EA52AB37600B}
	EndGlobalSection
EndGlobal
